// !$*UTF8*$!
{
	archiveVersion = 1;
	classes = {
	};
	objectVersion = 55;
	objects = {

/* Begin PBXBuildFile section */
		FA1C3FB42A0D961C00014CA2 /* Constants.swift in Sources */ = {isa = PBXBuildFile; fileRef = FA1C3FB32A0D961C00014CA2 /* Constants.swift */; };
		FA1C3FB62A0DA8B200014CA2 /* LoginView.swift in Sources */ = {isa = PBXBuildFile; fileRef = FA1C3FB52A0DA8B200014CA2 /* LoginView.swift */; };
		FA1C3FB82A0DA8CE00014CA2 /* LoginViewModel.swift in Sources */ = {isa = PBXBuildFile; fileRef = FA1C3FB72A0DA8CE00014CA2 /* LoginViewModel.swift */; };
		FA1C3FBA2A0EB38200014CA2 /* ResistanceGridView.swift in Sources */ = {isa = PBXBuildFile; fileRef = FA1C3FB92A0EB38200014CA2 /* ResistanceGridView.swift */; };
		FA1C3FBC2A0EB47200014CA2 /* Split.swift in Sources */ = {isa = PBXBuildFile; fileRef = FA1C3FBB2A0EB47200014CA2 /* Split.swift */; };
		FA3A0D3A2A12BCC20013A620 /* Strings.swift in Sources */ = {isa = PBXBuildFile; fileRef = FA3A0D392A12BCC20013A620 /* Strings.swift */; };
		FA3A0DF12A12E68E0013A620 /* SignUpViewModelTests.swift in Sources */ = {isa = PBXBuildFile; fileRef = FA3A0DB32A12E0C00013A620 /* SignUpViewModelTests.swift */; };
		FA3A0DF22A12E68E0013A620 /* ResistanceViewModelTests.swift in Sources */ = {isa = PBXBuildFile; fileRef = FA3A0DA52A12E0660013A620 /* ResistanceViewModelTests.swift */; };
		FA3A0DF32A12E68E0013A620 /* LoginViewModelTests.swift in Sources */ = {isa = PBXBuildFile; fileRef = FA3A0DCB2A12E3590013A620 /* LoginViewModelTests.swift */; };
		FA3A0DF42A12E69D0013A620 /* LoginViewModel.swift in Sources */ = {isa = PBXBuildFile; fileRef = FA1C3FB72A0DA8CE00014CA2 /* LoginViewModel.swift */; };
		FA3A0DF52A12E6A00013A620 /* SignUpViewModel.swift in Sources */ = {isa = PBXBuildFile; fileRef = FAF390B02A0ACA93006E9C96 /* SignUpViewModel.swift */; };
		FA3A0DF62A12E6A20013A620 /* ResistanceViewModel.swift in Sources */ = {isa = PBXBuildFile; fileRef = FAF390AA2A0AC62F006E9C96 /* ResistanceViewModel.swift */; };
		FA3A0DF72A12E6A60013A620 /* Strings.swift in Sources */ = {isa = PBXBuildFile; fileRef = FA3A0D392A12BCC20013A620 /* Strings.swift */; };
		FA3A0DF82A12E6A80013A620 /* Constants.swift in Sources */ = {isa = PBXBuildFile; fileRef = FA1C3FB32A0D961C00014CA2 /* Constants.swift */; };
		FA3A0DF92A12E6AC0013A620 /* Split.swift in Sources */ = {isa = PBXBuildFile; fileRef = FA1C3FBB2A0EB47200014CA2 /* Split.swift */; };
		FA3A0DFD2A12E70E0013A620 /* SplitTests.swift in Sources */ = {isa = PBXBuildFile; fileRef = FA3A0DFC2A12E70E0013A620 /* SplitTests.swift */; };
		FA3A0DFF2A1324980013A620 /* GoogleService-Info.plist in Resources */ = {isa = PBXBuildFile; fileRef = FA3A0DFE2A1324980013A620 /* GoogleService-Info.plist */; };
		FA3A0E002A1324980013A620 /* GoogleService-Info.plist in Resources */ = {isa = PBXBuildFile; fileRef = FA3A0DFE2A1324980013A620 /* GoogleService-Info.plist */; };
		FA3A0E032A132A0E0013A620 /* FirebaseAnalytics in Frameworks */ = {isa = PBXBuildFile; productRef = FA3A0E022A132A0E0013A620 /* FirebaseAnalytics */; };
		FA3A0E052A132A0E0013A620 /* FirebaseAuth in Frameworks */ = {isa = PBXBuildFile; productRef = FA3A0E042A132A0E0013A620 /* FirebaseAuth */; };
		FA3A0E072A132A0F0013A620 /* FirebaseFirestore in Frameworks */ = {isa = PBXBuildFile; productRef = FA3A0E062A132A0F0013A620 /* FirebaseFirestore */; };
		FA3A0E0A2A1405410013A620 /* User.swift in Sources */ = {isa = PBXBuildFile; fileRef = FA3A0E092A1405410013A620 /* User.swift */; };
		FA3A0E0B2A1405410013A620 /* User.swift in Sources */ = {isa = PBXBuildFile; fileRef = FA3A0E092A1405410013A620 /* User.swift */; };
		FA3A0E0D2A1405540013A620 /* Excercise.swift in Sources */ = {isa = PBXBuildFile; fileRef = FA3A0E0C2A1405540013A620 /* Excercise.swift */; };
		FA3A0E0E2A1405540013A620 /* Excercise.swift in Sources */ = {isa = PBXBuildFile; fileRef = FA3A0E0C2A1405540013A620 /* Excercise.swift */; };
		FA3A0E102A1405650013A620 /* Workout.swift in Sources */ = {isa = PBXBuildFile; fileRef = FA3A0E0F2A1405650013A620 /* Workout.swift */; };
		FA3A0E112A1405650013A620 /* Workout.swift in Sources */ = {isa = PBXBuildFile; fileRef = FA3A0E0F2A1405650013A620 /* Workout.swift */; };
		FA3A0E132A1405810013A620 /* ExcerciseViewModel.swift in Sources */ = {isa = PBXBuildFile; fileRef = FA3A0E122A1405810013A620 /* ExcerciseViewModel.swift */; };
		FA3A0E142A1405810013A620 /* ExcerciseViewModel.swift in Sources */ = {isa = PBXBuildFile; fileRef = FA3A0E122A1405810013A620 /* ExcerciseViewModel.swift */; };
		FA3A0E162A140B100013A620 /* ExcerciseView.swift in Sources */ = {isa = PBXBuildFile; fileRef = FA3A0E152A140B100013A620 /* ExcerciseView.swift */; };
		FA3A0E172A140B100013A620 /* ExcerciseView.swift in Sources */ = {isa = PBXBuildFile; fileRef = FA3A0E152A140B100013A620 /* ExcerciseView.swift */; };
		FA3A0E192A1525CE0013A620 /* ExcerciseListView.swift in Sources */ = {isa = PBXBuildFile; fileRef = FA3A0E182A1525CE0013A620 /* ExcerciseListView.swift */; };
		FA3A0E1A2A1525CE0013A620 /* ExcerciseListView.swift in Sources */ = {isa = PBXBuildFile; fileRef = FA3A0E182A1525CE0013A620 /* ExcerciseListView.swift */; };
		FADD0876296B5E77001C7BD3 /* Yosh_ItApp.swift in Sources */ = {isa = PBXBuildFile; fileRef = FADD0875296B5E77001C7BD3 /* Yosh_ItApp.swift */; };
		FADD087A296B5E79001C7BD3 /* Assets.xcassets in Resources */ = {isa = PBXBuildFile; fileRef = FADD0879296B5E79001C7BD3 /* Assets.xcassets */; };
		FADD087D296B5E79001C7BD3 /* Preview Assets.xcassets in Resources */ = {isa = PBXBuildFile; fileRef = FADD087C296B5E79001C7BD3 /* Preview Assets.xcassets */; };
		FADD0884296B611B001C7BD3 /* ResistanceView.swift in Sources */ = {isa = PBXBuildFile; fileRef = FADD0883296B611B001C7BD3 /* ResistanceView.swift */; };
		FADD0886296B61BB001C7BD3 /* TopBarView.swift in Sources */ = {isa = PBXBuildFile; fileRef = FADD0885296B61BB001C7BD3 /* TopBarView.swift */; };
		FADD088A296B64D4001C7BD3 /* CustomColours.swift in Sources */ = {isa = PBXBuildFile; fileRef = FADD0889296B64D4001C7BD3 /* CustomColours.swift */; };
		FAF390AB2A0AC62F006E9C96 /* ResistanceViewModel.swift in Sources */ = {isa = PBXBuildFile; fileRef = FAF390AA2A0AC62F006E9C96 /* ResistanceViewModel.swift */; };
		FAF390AF2A0AC776006E9C96 /* SignUpView.swift in Sources */ = {isa = PBXBuildFile; fileRef = FAF390AE2A0AC776006E9C96 /* SignUpView.swift */; };
		FAF390B12A0ACA93006E9C96 /* SignUpViewModel.swift in Sources */ = {isa = PBXBuildFile; fileRef = FAF390B02A0ACA93006E9C96 /* SignUpViewModel.swift */; };
/* End PBXBuildFile section */

/* Begin PBXContainerItemProxy section */
		FA3A0DEC2A12E6850013A620 /* PBXContainerItemProxy */ = {
			isa = PBXContainerItemProxy;
			containerPortal = FADD086A296B5E77001C7BD3 /* Project object */;
			proxyType = 1;
			remoteGlobalIDString = FADD0871296B5E77001C7BD3;
			remoteInfo = "Yosh It";
		};
/* End PBXContainerItemProxy section */

/* Begin PBXFileReference section */
		FA1C3FB32A0D961C00014CA2 /* Constants.swift */ = {isa = PBXFileReference; lastKnownFileType = sourcecode.swift; path = Constants.swift; sourceTree = "<group>"; };
		FA1C3FB52A0DA8B200014CA2 /* LoginView.swift */ = {isa = PBXFileReference; lastKnownFileType = sourcecode.swift; path = LoginView.swift; sourceTree = "<group>"; };
		FA1C3FB72A0DA8CE00014CA2 /* LoginViewModel.swift */ = {isa = PBXFileReference; lastKnownFileType = sourcecode.swift; path = LoginViewModel.swift; sourceTree = "<group>"; };
		FA1C3FB92A0EB38200014CA2 /* ResistanceGridView.swift */ = {isa = PBXFileReference; lastKnownFileType = sourcecode.swift; path = ResistanceGridView.swift; sourceTree = "<group>"; };
		FA1C3FBB2A0EB47200014CA2 /* Split.swift */ = {isa = PBXFileReference; lastKnownFileType = sourcecode.swift; path = Split.swift; sourceTree = "<group>"; };
		FA3A0D392A12BCC20013A620 /* Strings.swift */ = {isa = PBXFileReference; lastKnownFileType = sourcecode.swift; path = Strings.swift; sourceTree = "<group>"; };
		FA3A0DA52A12E0660013A620 /* ResistanceViewModelTests.swift */ = {isa = PBXFileReference; lastKnownFileType = sourcecode.swift; path = ResistanceViewModelTests.swift; sourceTree = "<group>"; };
		FA3A0DB32A12E0C00013A620 /* SignUpViewModelTests.swift */ = {isa = PBXFileReference; lastKnownFileType = sourcecode.swift; path = SignUpViewModelTests.swift; sourceTree = "<group>"; };
		FA3A0DCB2A12E3590013A620 /* LoginViewModelTests.swift */ = {isa = PBXFileReference; lastKnownFileType = sourcecode.swift; path = LoginViewModelTests.swift; sourceTree = "<group>"; };
		FA3A0DE82A12E6850013A620 /* UnitTests.xctest */ = {isa = PBXFileReference; explicitFileType = wrapper.cfbundle; includeInIndex = 0; path = UnitTests.xctest; sourceTree = BUILT_PRODUCTS_DIR; };
		FA3A0DFC2A12E70E0013A620 /* SplitTests.swift */ = {isa = PBXFileReference; lastKnownFileType = sourcecode.swift; path = SplitTests.swift; sourceTree = "<group>"; };
		FA3A0DFE2A1324980013A620 /* GoogleService-Info.plist */ = {isa = PBXFileReference; fileEncoding = 4; lastKnownFileType = text.plist.xml; path = "GoogleService-Info.plist"; sourceTree = "<group>"; };
		FA3A0E092A1405410013A620 /* User.swift */ = {isa = PBXFileReference; lastKnownFileType = sourcecode.swift; path = User.swift; sourceTree = "<group>"; };
		FA3A0E0C2A1405540013A620 /* Excercise.swift */ = {isa = PBXFileReference; lastKnownFileType = sourcecode.swift; path = Excercise.swift; sourceTree = "<group>"; };
		FA3A0E0F2A1405650013A620 /* Workout.swift */ = {isa = PBXFileReference; lastKnownFileType = sourcecode.swift; path = Workout.swift; sourceTree = "<group>"; };
		FA3A0E122A1405810013A620 /* ExcerciseViewModel.swift */ = {isa = PBXFileReference; lastKnownFileType = sourcecode.swift; path = ExcerciseViewModel.swift; sourceTree = "<group>"; };
		FA3A0E152A140B100013A620 /* ExcerciseView.swift */ = {isa = PBXFileReference; lastKnownFileType = sourcecode.swift; path = ExcerciseView.swift; sourceTree = "<group>"; };
		FA3A0E182A1525CE0013A620 /* ExcerciseListView.swift */ = {isa = PBXFileReference; lastKnownFileType = sourcecode.swift; path = ExcerciseListView.swift; sourceTree = "<group>"; };
		FAD0AFB52A0B1E9D00657145 /* Info.plist */ = {isa = PBXFileReference; lastKnownFileType = text.plist.xml; path = Info.plist; sourceTree = "<group>"; };
		FADD0872296B5E77001C7BD3 /* Yosh It.app */ = {isa = PBXFileReference; explicitFileType = wrapper.application; includeInIndex = 0; path = "Yosh It.app"; sourceTree = BUILT_PRODUCTS_DIR; };
		FADD0875296B5E77001C7BD3 /* Yosh_ItApp.swift */ = {isa = PBXFileReference; lastKnownFileType = sourcecode.swift; path = Yosh_ItApp.swift; sourceTree = "<group>"; };
		FADD0879296B5E79001C7BD3 /* Assets.xcassets */ = {isa = PBXFileReference; lastKnownFileType = folder.assetcatalog; path = Assets.xcassets; sourceTree = "<group>"; };
		FADD087C296B5E79001C7BD3 /* Preview Assets.xcassets */ = {isa = PBXFileReference; lastKnownFileType = folder.assetcatalog; path = "Preview Assets.xcassets"; sourceTree = "<group>"; };
		FADD0883296B611B001C7BD3 /* ResistanceView.swift */ = {isa = PBXFileReference; lastKnownFileType = sourcecode.swift; path = ResistanceView.swift; sourceTree = "<group>"; };
		FADD0885296B61BB001C7BD3 /* TopBarView.swift */ = {isa = PBXFileReference; lastKnownFileType = sourcecode.swift; path = TopBarView.swift; sourceTree = "<group>"; };
		FADD0889296B64D4001C7BD3 /* CustomColours.swift */ = {isa = PBXFileReference; lastKnownFileType = sourcecode.swift; path = CustomColours.swift; sourceTree = "<group>"; };
		FAF390AA2A0AC62F006E9C96 /* ResistanceViewModel.swift */ = {isa = PBXFileReference; lastKnownFileType = sourcecode.swift; path = ResistanceViewModel.swift; sourceTree = "<group>"; };
		FAF390AE2A0AC776006E9C96 /* SignUpView.swift */ = {isa = PBXFileReference; lastKnownFileType = sourcecode.swift; path = SignUpView.swift; sourceTree = "<group>"; };
		FAF390B02A0ACA93006E9C96 /* SignUpViewModel.swift */ = {isa = PBXFileReference; lastKnownFileType = sourcecode.swift; path = SignUpViewModel.swift; sourceTree = "<group>"; };
/* End PBXFileReference section */

/* Begin PBXFrameworksBuildPhase section */
		FA3A0DE52A12E6850013A620 /* Frameworks */ = {
			isa = PBXFrameworksBuildPhase;
			buildActionMask = 2147483647;
			files = (
			);
			runOnlyForDeploymentPostprocessing = 0;
		};
		FADD086F296B5E77001C7BD3 /* Frameworks */ = {
			isa = PBXFrameworksBuildPhase;
			buildActionMask = 2147483647;
			files = (
				FA3A0E032A132A0E0013A620 /* FirebaseAnalytics in Frameworks */,
				FA3A0E052A132A0E0013A620 /* FirebaseAuth in Frameworks */,
				FA3A0E072A132A0F0013A620 /* FirebaseFirestore in Frameworks */,
			);
			runOnlyForDeploymentPostprocessing = 0;
		};
/* End PBXFrameworksBuildPhase section */

/* Begin PBXGroup section */
		FA3A0DC22A12E2C40013A620 /* Tests */ = {
			isa = PBXGroup;
			children = (
			);
			path = Tests;
			sourceTree = "<group>";
		};
		FA3A0DE92A12E6850013A620 /* UnitTests */ = {
			isa = PBXGroup;
			children = (
				FA3A0DFA2A12E6C40013A620 /* ViewModels */,
				FA3A0DFB2A12E6DD0013A620 /* Models */,
			);
			path = UnitTests;
			sourceTree = "<group>";
		};
		FA3A0DFA2A12E6C40013A620 /* ViewModels */ = {
			isa = PBXGroup;
			children = (
				FA3A0DA52A12E0660013A620 /* ResistanceViewModelTests.swift */,
				FA3A0DB32A12E0C00013A620 /* SignUpViewModelTests.swift */,
				FA3A0DCB2A12E3590013A620 /* LoginViewModelTests.swift */,
			);
			path = ViewModels;
			sourceTree = "<group>";
		};
		FA3A0DFB2A12E6DD0013A620 /* Models */ = {
			isa = PBXGroup;
			children = (
				FA3A0DFC2A12E70E0013A620 /* SplitTests.swift */,
			);
			path = Models;
			sourceTree = "<group>";
		};
		FA3A0E082A1405220013A620 /* Models */ = {
			isa = PBXGroup;
			children = (
				FA3A0E092A1405410013A620 /* User.swift */,
				FA1C3FBB2A0EB47200014CA2 /* Split.swift */,
				FA3A0E0C2A1405540013A620 /* Excercise.swift */,
				FA3A0E0F2A1405650013A620 /* Workout.swift */,
			);
			path = Models;
			sourceTree = "<group>";
		};
		FAD0AFB72A0B202700657145 /* misc */ = {
			isa = PBXGroup;
			children = (
				FADD0889296B64D4001C7BD3 /* CustomColours.swift */,
				FA1C3FB32A0D961C00014CA2 /* Constants.swift */,
				FA3A0D392A12BCC20013A620 /* Strings.swift */,
				FADD0879296B5E79001C7BD3 /* Assets.xcassets */,
				FA3A0DFE2A1324980013A620 /* GoogleService-Info.plist */,
			);
			path = misc;
			sourceTree = "<group>";
		};
		FADD0869296B5E77001C7BD3 = {
			isa = PBXGroup;
			children = (
				FADD0874296B5E77001C7BD3 /* Yosh It */,
				FA3A0DC22A12E2C40013A620 /* Tests */,
				FA3A0DE92A12E6850013A620 /* UnitTests */,
				FADD0873296B5E77001C7BD3 /* Products */,
			);
			sourceTree = "<group>";
		};
		FADD0873296B5E77001C7BD3 /* Products */ = {
			isa = PBXGroup;
			children = (
				FADD0872296B5E77001C7BD3 /* Yosh It.app */,
				FA3A0DE82A12E6850013A620 /* UnitTests.xctest */,
			);
			name = Products;
			sourceTree = "<group>";
		};
		FADD0874296B5E77001C7BD3 /* Yosh It */ = {
			isa = PBXGroup;
			children = (
				FADD0875296B5E77001C7BD3 /* Yosh_ItApp.swift */,
				FA3A0E082A1405220013A620 /* Models */,
				FAF390A92A0AC602006E9C96 /* ViewModels */,
				FAF390A82A0AC486006E9C96 /* Views */,
				FAD0AFB72A0B202700657145 /* misc */,
				FAD0AFB52A0B1E9D00657145 /* Info.plist */,
				FADD087B296B5E79001C7BD3 /* Preview Content */,
			);
			path = "Yosh It";
			sourceTree = "<group>";
		};
		FADD087B296B5E79001C7BD3 /* Preview Content */ = {
			isa = PBXGroup;
			children = (
				FADD087C296B5E79001C7BD3 /* Preview Assets.xcassets */,
			);
			path = "Preview Content";
			sourceTree = "<group>";
		};
		FAF390A82A0AC486006E9C96 /* Views */ = {
			isa = PBXGroup;
			children = (
				FADD0883296B611B001C7BD3 /* ResistanceView.swift */,
				FA1C3FB92A0EB38200014CA2 /* ResistanceGridView.swift */,
				FADD0885296B61BB001C7BD3 /* TopBarView.swift */,
				FAF390AE2A0AC776006E9C96 /* SignUpView.swift */,
				FA1C3FB52A0DA8B200014CA2 /* LoginView.swift */,
				FA3A0E152A140B100013A620 /* ExcerciseView.swift */,
				FA3A0E182A1525CE0013A620 /* ExcerciseListView.swift */,
			);
			path = Views;
			sourceTree = "<group>";
		};
		FAF390A92A0AC602006E9C96 /* ViewModels */ = {
			isa = PBXGroup;
			children = (
				FAF390AA2A0AC62F006E9C96 /* ResistanceViewModel.swift */,
				FAF390B02A0ACA93006E9C96 /* SignUpViewModel.swift */,
				FA1C3FB72A0DA8CE00014CA2 /* LoginViewModel.swift */,
				FA3A0E122A1405810013A620 /* ExcerciseViewModel.swift */,
			);
			path = ViewModels;
			sourceTree = "<group>";
		};
/* End PBXGroup section */

/* Begin PBXNativeTarget section */
		FA3A0DE72A12E6850013A620 /* UnitTests */ = {
			isa = PBXNativeTarget;
			buildConfigurationList = FA3A0DEE2A12E6850013A620 /* Build configuration list for PBXNativeTarget "UnitTests" */;
			buildPhases = (
				FA3A0DE42A12E6850013A620 /* Sources */,
				FA3A0DE52A12E6850013A620 /* Frameworks */,
				FA3A0DE62A12E6850013A620 /* Resources */,
			);
			buildRules = (
			);
			dependencies = (
				FA3A0DED2A12E6850013A620 /* PBXTargetDependency */,
			);
			name = UnitTests;
			productName = UnitTests;
			productReference = FA3A0DE82A12E6850013A620 /* UnitTests.xctest */;
			productType = "com.apple.product-type.bundle.unit-test";
		};
		FADD0871296B5E77001C7BD3 /* Yosh It */ = {
			isa = PBXNativeTarget;
			buildConfigurationList = FADD0880296B5E79001C7BD3 /* Build configuration list for PBXNativeTarget "Yosh It" */;
			buildPhases = (
				FADD086E296B5E77001C7BD3 /* Sources */,
				FADD086F296B5E77001C7BD3 /* Frameworks */,
				FADD0870296B5E77001C7BD3 /* Resources */,
			);
			buildRules = (
			);
			dependencies = (
			);
			name = "Yosh It";
			packageProductDependencies = (
				FA3A0E022A132A0E0013A620 /* FirebaseAnalytics */,
				FA3A0E042A132A0E0013A620 /* FirebaseAuth */,
				FA3A0E062A132A0F0013A620 /* FirebaseFirestore */,
			);
			productName = "Yosh It";
			productReference = FADD0872296B5E77001C7BD3 /* Yosh It.app */;
			productType = "com.apple.product-type.application";
		};
/* End PBXNativeTarget section */

/* Begin PBXProject section */
		FADD086A296B5E77001C7BD3 /* Project object */ = {
			isa = PBXProject;
			attributes = {
				BuildIndependentTargetsInParallel = 1;
				LastSwiftUpdateCheck = 1420;
				LastUpgradeCheck = 1340;
				TargetAttributes = {
					FA3A0DE72A12E6850013A620 = {
						CreatedOnToolsVersion = 14.2;
						TestTargetID = FADD0871296B5E77001C7BD3;
					};
					FADD0871296B5E77001C7BD3 = {
						CreatedOnToolsVersion = 13.4.1;
					};
				};
			};
			buildConfigurationList = FADD086D296B5E77001C7BD3 /* Build configuration list for PBXProject "Yosh It" */;
			compatibilityVersion = "Xcode 13.0";
			developmentRegion = en;
			hasScannedForEncodings = 0;
			knownRegions = (
				en,
				Base,
			);
			mainGroup = FADD0869296B5E77001C7BD3;
			packageReferences = (
				FA3A0E012A132A0E0013A620 /* XCRemoteSwiftPackageReference "firebase-ios-sdk" */,
			);
			productRefGroup = FADD0873296B5E77001C7BD3 /* Products */;
			projectDirPath = "";
			projectRoot = "";
			targets = (
				FADD0871296B5E77001C7BD3 /* Yosh It */,
				FA3A0DE72A12E6850013A620 /* UnitTests */,
			);
		};
/* End PBXProject section */

/* Begin PBXResourcesBuildPhase section */
		FA3A0DE62A12E6850013A620 /* Resources */ = {
			isa = PBXResourcesBuildPhase;
			buildActionMask = 2147483647;
			files = (
				FA3A0E002A1324980013A620 /* GoogleService-Info.plist in Resources */,
			);
			runOnlyForDeploymentPostprocessing = 0;
		};
		FADD0870296B5E77001C7BD3 /* Resources */ = {
			isa = PBXResourcesBuildPhase;
			buildActionMask = 2147483647;
			files = (
				FADD087D296B5E79001C7BD3 /* Preview Assets.xcassets in Resources */,
				FADD087A296B5E79001C7BD3 /* Assets.xcassets in Resources */,
				FA3A0DFF2A1324980013A620 /* GoogleService-Info.plist in Resources */,
			);
			runOnlyForDeploymentPostprocessing = 0;
		};
/* End PBXResourcesBuildPhase section */

/* Begin PBXSourcesBuildPhase section */
		FA3A0DE42A12E6850013A620 /* Sources */ = {
			isa = PBXSourcesBuildPhase;
			buildActionMask = 2147483647;
			files = (
				FA3A0DF42A12E69D0013A620 /* LoginViewModel.swift in Sources */,
				FA3A0E0E2A1405540013A620 /* Excercise.swift in Sources */,
				FA3A0DF92A12E6AC0013A620 /* Split.swift in Sources */,
				FA3A0E112A1405650013A620 /* Workout.swift in Sources */,
				FA3A0E1A2A1525CE0013A620 /* ExcerciseListView.swift in Sources */,
				FA3A0DFD2A12E70E0013A620 /* SplitTests.swift in Sources */,
				FA3A0E172A140B100013A620 /* ExcerciseView.swift in Sources */,
				FA3A0DF62A12E6A20013A620 /* ResistanceViewModel.swift in Sources */,
				FA3A0E142A1405810013A620 /* ExcerciseViewModel.swift in Sources */,
				FA3A0DF32A12E68E0013A620 /* LoginViewModelTests.swift in Sources */,
				FA3A0DF52A12E6A00013A620 /* SignUpViewModel.swift in Sources */,
				FA3A0DF12A12E68E0013A620 /* SignUpViewModelTests.swift in Sources */,
				FA3A0DF22A12E68E0013A620 /* ResistanceViewModelTests.swift in Sources */,
				FA3A0DF72A12E6A60013A620 /* Strings.swift in Sources */,
				FA3A0DF82A12E6A80013A620 /* Constants.swift in Sources */,
				FA3A0E0B2A1405410013A620 /* User.swift in Sources */,
			);
			runOnlyForDeploymentPostprocessing = 0;
		};
		FADD086E296B5E77001C7BD3 /* Sources */ = {
			isa = PBXSourcesBuildPhase;
			buildActionMask = 2147483647;
			files = (
				FADD088A296B64D4001C7BD3 /* CustomColours.swift in Sources */,
				FAF390AF2A0AC776006E9C96 /* SignUpView.swift in Sources */,
				FADD0884296B611B001C7BD3 /* ResistanceView.swift in Sources */,
				FA3A0E192A1525CE0013A620 /* ExcerciseListView.swift in Sources */,
				FA3A0E102A1405650013A620 /* Workout.swift in Sources */,
				FA1C3FB62A0DA8B200014CA2 /* LoginView.swift in Sources */,
				FADD0886296B61BB001C7BD3 /* TopBarView.swift in Sources */,
				FADD0876296B5E77001C7BD3 /* Yosh_ItApp.swift in Sources */,
				FA3A0E0A2A1405410013A620 /* User.swift in Sources */,
				FA3A0E162A140B100013A620 /* ExcerciseView.swift in Sources */,
				FAF390AB2A0AC62F006E9C96 /* ResistanceViewModel.swift in Sources */,
				FA3A0E132A1405810013A620 /* ExcerciseViewModel.swift in Sources */,
				FA3A0D3A2A12BCC20013A620 /* Strings.swift in Sources */,
				FA1C3FBA2A0EB38200014CA2 /* ResistanceGridView.swift in Sources */,
				FAF390B12A0ACA93006E9C96 /* SignUpViewModel.swift in Sources */,
				FA1C3FB82A0DA8CE00014CA2 /* LoginViewModel.swift in Sources */,
				FA1C3FBC2A0EB47200014CA2 /* Split.swift in Sources */,
				FA3A0E0D2A1405540013A620 /* Excercise.swift in Sources */,
				FA1C3FB42A0D961C00014CA2 /* Constants.swift in Sources */,
			);
			runOnlyForDeploymentPostprocessing = 0;
		};
/* End PBXSourcesBuildPhase section */

/* Begin PBXTargetDependency section */
		FA3A0DED2A12E6850013A620 /* PBXTargetDependency */ = {
			isa = PBXTargetDependency;
			target = FADD0871296B5E77001C7BD3 /* Yosh It */;
			targetProxy = FA3A0DEC2A12E6850013A620 /* PBXContainerItemProxy */;
		};
/* End PBXTargetDependency section */

/* Begin XCBuildConfiguration section */
		FA3A0DEF2A12E6850013A620 /* Debug */ = {
			isa = XCBuildConfiguration;
			buildSettings = {
				BUNDLE_LOADER = "$(TEST_HOST)";
				CLANG_CXX_LANGUAGE_STANDARD = "gnu++20";
				CODE_SIGN_STYLE = Automatic;
				CURRENT_PROJECT_VERSION = 1;
				DEVELOPMENT_TEAM = YV26NS784Z;
				GENERATE_INFOPLIST_FILE = YES;
				IPHONEOS_DEPLOYMENT_TARGET = 16.2;
				MARKETING_VERSION = 1.0;
				PRODUCT_BUNDLE_IDENTIFIER = Yosh.UnitTests;
				PRODUCT_NAME = "$(TARGET_NAME)";
				SWIFT_EMIT_LOC_STRINGS = NO;
				SWIFT_VERSION = 5.0;
				TARGETED_DEVICE_FAMILY = "1,2";
				TEST_HOST = "$(BUILT_PRODUCTS_DIR)/Yosh It.app/$(BUNDLE_EXECUTABLE_FOLDER_PATH)/Yosh It";
			};
			name = Debug;
		};
		FA3A0DF02A12E6850013A620 /* Release */ = {
			isa = XCBuildConfiguration;
			buildSettings = {
				BUNDLE_LOADER = "$(TEST_HOST)";
				CLANG_CXX_LANGUAGE_STANDARD = "gnu++20";
				CODE_SIGN_STYLE = Automatic;
				CURRENT_PROJECT_VERSION = 1;
				DEVELOPMENT_TEAM = YV26NS784Z;
				GENERATE_INFOPLIST_FILE = YES;
				IPHONEOS_DEPLOYMENT_TARGET = 16.2;
				MARKETING_VERSION = 1.0;
				PRODUCT_BUNDLE_IDENTIFIER = Yosh.UnitTests;
				PRODUCT_NAME = "$(TARGET_NAME)";
				SWIFT_EMIT_LOC_STRINGS = NO;
				SWIFT_VERSION = 5.0;
				TARGETED_DEVICE_FAMILY = "1,2";
				TEST_HOST = "$(BUILT_PRODUCTS_DIR)/Yosh It.app/$(BUNDLE_EXECUTABLE_FOLDER_PATH)/Yosh It";
			};
			name = Release;
		};
		FADD087E296B5E79001C7BD3 /* Debug */ = {
			isa = XCBuildConfiguration;
			buildSettings = {
				ALWAYS_SEARCH_USER_PATHS = NO;
				CLANG_ANALYZER_NONNULL = YES;
				CLANG_ANALYZER_NUMBER_OBJECT_CONVERSION = YES_AGGRESSIVE;
				CLANG_CXX_LANGUAGE_STANDARD = "gnu++17";
				CLANG_ENABLE_MODULES = YES;
				CLANG_ENABLE_OBJC_ARC = YES;
				CLANG_ENABLE_OBJC_WEAK = YES;
				CLANG_WARN_BLOCK_CAPTURE_AUTORELEASING = YES;
				CLANG_WARN_BOOL_CONVERSION = YES;
				CLANG_WARN_COMMA = YES;
				CLANG_WARN_CONSTANT_CONVERSION = YES;
				CLANG_WARN_DEPRECATED_OBJC_IMPLEMENTATIONS = YES;
				CLANG_WARN_DIRECT_OBJC_ISA_USAGE = YES_ERROR;
				CLANG_WARN_DOCUMENTATION_COMMENTS = YES;
				CLANG_WARN_EMPTY_BODY = YES;
				CLANG_WARN_ENUM_CONVERSION = YES;
				CLANG_WARN_INFINITE_RECURSION = YES;
				CLANG_WARN_INT_CONVERSION = YES;
				CLANG_WARN_NON_LITERAL_NULL_CONVERSION = YES;
				CLANG_WARN_OBJC_IMPLICIT_RETAIN_SELF = YES;
				CLANG_WARN_OBJC_LITERAL_CONVERSION = YES;
				CLANG_WARN_OBJC_ROOT_CLASS = YES_ERROR;
				CLANG_WARN_QUOTED_INCLUDE_IN_FRAMEWORK_HEADER = YES;
				CLANG_WARN_RANGE_LOOP_ANALYSIS = YES;
				CLANG_WARN_STRICT_PROTOTYPES = YES;
				CLANG_WARN_SUSPICIOUS_MOVE = YES;
				CLANG_WARN_UNGUARDED_AVAILABILITY = YES_AGGRESSIVE;
				CLANG_WARN_UNREACHABLE_CODE = YES;
				CLANG_WARN__DUPLICATE_METHOD_MATCH = YES;
				COPY_PHASE_STRIP = NO;
				DEBUG_INFORMATION_FORMAT = dwarf;
				ENABLE_STRICT_OBJC_MSGSEND = YES;
				ENABLE_TESTABILITY = YES;
				GCC_C_LANGUAGE_STANDARD = gnu11;
				GCC_DYNAMIC_NO_PIC = NO;
				GCC_NO_COMMON_BLOCKS = YES;
				GCC_OPTIMIZATION_LEVEL = 0;
				GCC_PREPROCESSOR_DEFINITIONS = (
					"DEBUG=1",
					"$(inherited)",
				);
				GCC_WARN_64_TO_32_BIT_CONVERSION = YES;
				GCC_WARN_ABOUT_RETURN_TYPE = YES_ERROR;
				GCC_WARN_UNDECLARED_SELECTOR = YES;
				GCC_WARN_UNINITIALIZED_AUTOS = YES_AGGRESSIVE;
				GCC_WARN_UNUSED_FUNCTION = YES;
				GCC_WARN_UNUSED_VARIABLE = YES;
				IPHONEOS_DEPLOYMENT_TARGET = 15.5;
				MTL_ENABLE_DEBUG_INFO = INCLUDE_SOURCE;
				MTL_FAST_MATH = YES;
				ONLY_ACTIVE_ARCH = YES;
				SDKROOT = iphoneos;
				SWIFT_ACTIVE_COMPILATION_CONDITIONS = DEBUG;
				SWIFT_OPTIMIZATION_LEVEL = "-Onone";
			};
			name = Debug;
		};
		FADD087F296B5E79001C7BD3 /* Release */ = {
			isa = XCBuildConfiguration;
			buildSettings = {
				ALWAYS_SEARCH_USER_PATHS = NO;
				CLANG_ANALYZER_NONNULL = YES;
				CLANG_ANALYZER_NUMBER_OBJECT_CONVERSION = YES_AGGRESSIVE;
				CLANG_CXX_LANGUAGE_STANDARD = "gnu++17";
				CLANG_ENABLE_MODULES = YES;
				CLANG_ENABLE_OBJC_ARC = YES;
				CLANG_ENABLE_OBJC_WEAK = YES;
				CLANG_WARN_BLOCK_CAPTURE_AUTORELEASING = YES;
				CLANG_WARN_BOOL_CONVERSION = YES;
				CLANG_WARN_COMMA = YES;
				CLANG_WARN_CONSTANT_CONVERSION = YES;
				CLANG_WARN_DEPRECATED_OBJC_IMPLEMENTATIONS = YES;
				CLANG_WARN_DIRECT_OBJC_ISA_USAGE = YES_ERROR;
				CLANG_WARN_DOCUMENTATION_COMMENTS = YES;
				CLANG_WARN_EMPTY_BODY = YES;
				CLANG_WARN_ENUM_CONVERSION = YES;
				CLANG_WARN_INFINITE_RECURSION = YES;
				CLANG_WARN_INT_CONVERSION = YES;
				CLANG_WARN_NON_LITERAL_NULL_CONVERSION = YES;
				CLANG_WARN_OBJC_IMPLICIT_RETAIN_SELF = YES;
				CLANG_WARN_OBJC_LITERAL_CONVERSION = YES;
				CLANG_WARN_OBJC_ROOT_CLASS = YES_ERROR;
				CLANG_WARN_QUOTED_INCLUDE_IN_FRAMEWORK_HEADER = YES;
				CLANG_WARN_RANGE_LOOP_ANALYSIS = YES;
				CLANG_WARN_STRICT_PROTOTYPES = YES;
				CLANG_WARN_SUSPICIOUS_MOVE = YES;
				CLANG_WARN_UNGUARDED_AVAILABILITY = YES_AGGRESSIVE;
				CLANG_WARN_UNREACHABLE_CODE = YES;
				CLANG_WARN__DUPLICATE_METHOD_MATCH = YES;
				COPY_PHASE_STRIP = NO;
				DEBUG_INFORMATION_FORMAT = "dwarf-with-dsym";
				ENABLE_NS_ASSERTIONS = NO;
				ENABLE_STRICT_OBJC_MSGSEND = YES;
				GCC_C_LANGUAGE_STANDARD = gnu11;
				GCC_NO_COMMON_BLOCKS = YES;
				GCC_WARN_64_TO_32_BIT_CONVERSION = YES;
				GCC_WARN_ABOUT_RETURN_TYPE = YES_ERROR;
				GCC_WARN_UNDECLARED_SELECTOR = YES;
				GCC_WARN_UNINITIALIZED_AUTOS = YES_AGGRESSIVE;
				GCC_WARN_UNUSED_FUNCTION = YES;
				GCC_WARN_UNUSED_VARIABLE = YES;
				IPHONEOS_DEPLOYMENT_TARGET = 15.5;
				MTL_ENABLE_DEBUG_INFO = NO;
				MTL_FAST_MATH = YES;
				SDKROOT = iphoneos;
				SWIFT_COMPILATION_MODE = wholemodule;
				SWIFT_OPTIMIZATION_LEVEL = "-O";
				VALIDATE_PRODUCT = YES;
			};
			name = Release;
		};
		FADD0881296B5E79001C7BD3 /* Debug */ = {
			isa = XCBuildConfiguration;
			buildSettings = {
				ASSETCATALOG_COMPILER_APPICON_NAME = AppIcon;
				ASSETCATALOG_COMPILER_GLOBAL_ACCENT_COLOR_NAME = AccentColor;
				CODE_SIGN_STYLE = Automatic;
				CURRENT_PROJECT_VERSION = 1;
				DEVELOPMENT_ASSET_PATHS = "\"Yosh It/Preview Content\"";
				DEVELOPMENT_TEAM = YV26NS784Z;
				ENABLE_PREVIEWS = YES;
				GENERATE_INFOPLIST_FILE = YES;
				INFOPLIST_FILE = "Yosh It/Info.plist";
				INFOPLIST_KEY_UIApplicationSupportsIndirectInputEvents = YES;
				INFOPLIST_KEY_UILaunchScreen_Generation = YES;
				INFOPLIST_KEY_UISupportedInterfaceOrientations = UIInterfaceOrientationPortrait;
				LD_RUNPATH_SEARCH_PATHS = (
					"$(inherited)",
					"@executable_path/Frameworks",
				);
				MARKETING_VERSION = 1.0;
				PRODUCT_BUNDLE_IDENTIFIER = "Yosh.Yosh-It";
				PRODUCT_NAME = "$(TARGET_NAME)";
				SWIFT_EMIT_LOC_STRINGS = YES;
				SWIFT_VERSION = 5.0;
				TARGETED_DEVICE_FAMILY = "1,2";
			};
			name = Debug;
		};
		FADD0882296B5E79001C7BD3 /* Release */ = {
			isa = XCBuildConfiguration;
			buildSettings = {
				ASSETCATALOG_COMPILER_APPICON_NAME = AppIcon;
				ASSETCATALOG_COMPILER_GLOBAL_ACCENT_COLOR_NAME = AccentColor;
				CODE_SIGN_STYLE = Automatic;
				CURRENT_PROJECT_VERSION = 1;
				DEVELOPMENT_ASSET_PATHS = "\"Yosh It/Preview Content\"";
				DEVELOPMENT_TEAM = YV26NS784Z;
				ENABLE_PREVIEWS = YES;
				GENERATE_INFOPLIST_FILE = YES;
				INFOPLIST_FILE = "Yosh It/Info.plist";
				INFOPLIST_KEY_UIApplicationSupportsIndirectInputEvents = YES;
				INFOPLIST_KEY_UILaunchScreen_Generation = YES;
				INFOPLIST_KEY_UISupportedInterfaceOrientations = UIInterfaceOrientationPortrait;
				LD_RUNPATH_SEARCH_PATHS = (
					"$(inherited)",
					"@executable_path/Frameworks",
				);
				MARKETING_VERSION = 1.0;
				PRODUCT_BUNDLE_IDENTIFIER = "Yosh.Yosh-It";
				PRODUCT_NAME = "$(TARGET_NAME)";
				SWIFT_EMIT_LOC_STRINGS = YES;
				SWIFT_VERSION = 5.0;
				TARGETED_DEVICE_FAMILY = "1,2";
			};
			name = Release;
		};
/* End XCBuildConfiguration section */

/* Begin XCConfigurationList section */
		FA3A0DEE2A12E6850013A620 /* Build configuration list for PBXNativeTarget "UnitTests" */ = {
			isa = XCConfigurationList;
			buildConfigurations = (
				FA3A0DEF2A12E6850013A620 /* Debug */,
				FA3A0DF02A12E6850013A620 /* Release */,
			);
			defaultConfigurationIsVisible = 0;
			defaultConfigurationName = Release;
		};
		FADD086D296B5E77001C7BD3 /* Build configuration list for PBXProject "Yosh It" */ = {
			isa = XCConfigurationList;
			buildConfigurations = (
				FADD087E296B5E79001C7BD3 /* Debug */,
				FADD087F296B5E79001C7BD3 /* Release */,
			);
			defaultConfigurationIsVisible = 0;
			defaultConfigurationName = Release;
		};
		FADD0880296B5E79001C7BD3 /* Build configuration list for PBXNativeTarget "Yosh It" */ = {
			isa = XCConfigurationList;
			buildConfigurations = (
				FADD0881296B5E79001C7BD3 /* Debug */,
				FADD0882296B5E79001C7BD3 /* Release */,
			);
			defaultConfigurationIsVisible = 0;
			defaultConfigurationName = Release;
		};
/* End XCConfigurationList section */

/* Begin XCRemoteSwiftPackageReference section */
		FA3A0E012A132A0E0013A620 /* XCRemoteSwiftPackageReference "firebase-ios-sdk" */ = {
			isa = XCRemoteSwiftPackageReference;
			repositoryURL = "https://github.com/firebase/firebase-ios-sdk";
			requirement = {
				kind = upToNextMajorVersion;
				minimumVersion = 9.0.0;
			};
		};
/* End XCRemoteSwiftPackageReference section */

/* Begin XCSwiftPackageProductDependency section */
		FA3A0E022A132A0E0013A620 /* FirebaseAnalytics */ = {
			isa = XCSwiftPackageProductDependency;
			package = FA3A0E012A132A0E0013A620 /* XCRemoteSwiftPackageReference "firebase-ios-sdk" */;
			productName = FirebaseAnalytics;
		};
		FA3A0E042A132A0E0013A620 /* FirebaseAuth */ = {
			isa = XCSwiftPackageProductDependency;
			package = FA3A0E012A132A0E0013A620 /* XCRemoteSwiftPackageReference "firebase-ios-sdk" */;
			productName = FirebaseAuth;
		};
		FA3A0E062A132A0F0013A620 /* FirebaseFirestore */ = {
			isa = XCSwiftPackageProductDependency;
			package = FA3A0E012A132A0E0013A620 /* XCRemoteSwiftPackageReference "firebase-ios-sdk" */;
			productName = FirebaseFirestore;
		};
/* End XCSwiftPackageProductDependency section */
	};
	rootObject = FADD086A296B5E77001C7BD3 /* Project object */;
}
