// !$*UTF8*$!
{
	archiveVersion = 1;
	classes = {
	};
	objectVersion = 55;
	objects = {

/* Begin PBXBuildFile section */
		FA1C3FB42A0D961C00014CA2 /* Constants.swift in Sources */ = {isa = PBXBuildFile; fileRef = FA1C3FB32A0D961C00014CA2 /* Constants.swift */; };
		FA1C3FB62A0DA8B200014CA2 /* LoginView.swift in Sources */ = {isa = PBXBuildFile; fileRef = FA1C3FB52A0DA8B200014CA2 /* LoginView.swift */; };
		FA1C3FB82A0DA8CE00014CA2 /* LoginViewModel.swift in Sources */ = {isa = PBXBuildFile; fileRef = FA1C3FB72A0DA8CE00014CA2 /* LoginViewModel.swift */; };
		FADD0876296B5E77001C7BD3 /* Yosh_ItApp.swift in Sources */ = {isa = PBXBuildFile; fileRef = FADD0875296B5E77001C7BD3 /* Yosh_ItApp.swift */; };
		FADD087A296B5E79001C7BD3 /* Assets.xcassets in Resources */ = {isa = PBXBuildFile; fileRef = FADD0879296B5E79001C7BD3 /* Assets.xcassets */; };
		FADD087D296B5E79001C7BD3 /* Preview Assets.xcassets in Resources */ = {isa = PBXBuildFile; fileRef = FADD087C296B5E79001C7BD3 /* Preview Assets.xcassets */; };
		FADD0884296B611B001C7BD3 /* ResistanceView.swift in Sources */ = {isa = PBXBuildFile; fileRef = FADD0883296B611B001C7BD3 /* ResistanceView.swift */; };
		FADD0886296B61BB001C7BD3 /* TopBarView.swift in Sources */ = {isa = PBXBuildFile; fileRef = FADD0885296B61BB001C7BD3 /* TopBarView.swift */; };
		FADD088A296B64D4001C7BD3 /* CustomColours.swift in Sources */ = {isa = PBXBuildFile; fileRef = FADD0889296B64D4001C7BD3 /* CustomColours.swift */; };
		FAF390AB2A0AC62F006E9C96 /* ResistanceViewModel.swift in Sources */ = {isa = PBXBuildFile; fileRef = FAF390AA2A0AC62F006E9C96 /* ResistanceViewModel.swift */; };
		FAF390AF2A0AC776006E9C96 /* SignUpView.swift in Sources */ = {isa = PBXBuildFile; fileRef = FAF390AE2A0AC776006E9C96 /* SignUpView.swift */; };
		FAF390B12A0ACA93006E9C96 /* SignUpViewModel.swift in Sources */ = {isa = PBXBuildFile; fileRef = FAF390B02A0ACA93006E9C96 /* SignUpViewModel.swift */; };
/* End PBXBuildFile section */

/* Begin PBXFileReference section */
		FA1C3FB32A0D961C00014CA2 /* Constants.swift */ = {isa = PBXFileReference; lastKnownFileType = sourcecode.swift; path = Constants.swift; sourceTree = "<group>"; };
		FA1C3FB52A0DA8B200014CA2 /* LoginView.swift */ = {isa = PBXFileReference; lastKnownFileType = sourcecode.swift; path = LoginView.swift; sourceTree = "<group>"; };
		FA1C3FB72A0DA8CE00014CA2 /* LoginViewModel.swift */ = {isa = PBXFileReference; lastKnownFileType = sourcecode.swift; path = LoginViewModel.swift; sourceTree = "<group>"; };
		FAD0AFB52A0B1E9D00657145 /* Info.plist */ = {isa = PBXFileReference; lastKnownFileType = text.plist.xml; path = Info.plist; sourceTree = "<group>"; };
		FADD0872296B5E77001C7BD3 /* Yosh It.app */ = {isa = PBXFileReference; explicitFileType = wrapper.application; includeInIndex = 0; path = "Yosh It.app"; sourceTree = BUILT_PRODUCTS_DIR; };
		FADD0875296B5E77001C7BD3 /* Yosh_ItApp.swift */ = {isa = PBXFileReference; lastKnownFileType = sourcecode.swift; path = Yosh_ItApp.swift; sourceTree = "<group>"; };
		FADD0879296B5E79001C7BD3 /* Assets.xcassets */ = {isa = PBXFileReference; lastKnownFileType = folder.assetcatalog; path = Assets.xcassets; sourceTree = "<group>"; };
		FADD087C296B5E79001C7BD3 /* Preview Assets.xcassets */ = {isa = PBXFileReference; lastKnownFileType = folder.assetcatalog; path = "Preview Assets.xcassets"; sourceTree = "<group>"; };
		FADD0883296B611B001C7BD3 /* ResistanceView.swift */ = {isa = PBXFileReference; lastKnownFileType = sourcecode.swift; path = ResistanceView.swift; sourceTree = "<group>"; };
		FADD0885296B61BB001C7BD3 /* TopBarView.swift */ = {isa = PBXFileReference; lastKnownFileType = sourcecode.swift; path = TopBarView.swift; sourceTree = "<group>"; };
		FADD0889296B64D4001C7BD3 /* CustomColours.swift */ = {isa = PBXFileReference; lastKnownFileType = sourcecode.swift; path = CustomColours.swift; sourceTree = "<group>"; };
		FAF390AA2A0AC62F006E9C96 /* ResistanceViewModel.swift */ = {isa = PBXFileReference; lastKnownFileType = sourcecode.swift; path = ResistanceViewModel.swift; sourceTree = "<group>"; };
		FAF390AE2A0AC776006E9C96 /* SignUpView.swift */ = {isa = PBXFileReference; lastKnownFileType = sourcecode.swift; path = SignUpView.swift; sourceTree = "<group>"; };
		FAF390B02A0ACA93006E9C96 /* SignUpViewModel.swift */ = {isa = PBXFileReference; lastKnownFileType = sourcecode.swift; path = SignUpViewModel.swift; sourceTree = "<group>"; };
/* End PBXFileReference section */

/* Begin PBXFrameworksBuildPhase section */
		FADD086F296B5E77001C7BD3 /* Frameworks */ = {
			isa = PBXFrameworksBuildPhase;
			buildActionMask = 2147483647;
			files = (
			);
			runOnlyForDeploymentPostprocessing = 0;
		};
/* End PBXFrameworksBuildPhase section */

/* Begin PBXGroup section */
		FAD0AFB72A0B202700657145 /* misc */ = {
			isa = PBXGroup;
			children = (
				FADD0889296B64D4001C7BD3 /* CustomColours.swift */,
				FA1C3FB32A0D961C00014CA2 /* Constants.swift */,
				FADD0879296B5E79001C7BD3 /* Assets.xcassets */,
			);
			path = misc;
			sourceTree = "<group>";
		};
		FADD0869296B5E77001C7BD3 = {
			isa = PBXGroup;
			children = (
				FADD0874296B5E77001C7BD3 /* Yosh It */,
				FADD0873296B5E77001C7BD3 /* Products */,
			);
			sourceTree = "<group>";
		};
		FADD0873296B5E77001C7BD3 /* Products */ = {
			isa = PBXGroup;
			children = (
				FADD0872296B5E77001C7BD3 /* Yosh It.app */,
			);
			name = Products;
			sourceTree = "<group>";
		};
		FADD0874296B5E77001C7BD3 /* Yosh It */ = {
			isa = PBXGroup;
			children = (
				FADD0875296B5E77001C7BD3 /* Yosh_ItApp.swift */,
				FAF390A92A0AC602006E9C96 /* ViewModels */,
				FAF390A82A0AC486006E9C96 /* Views */,
				FAD0AFB72A0B202700657145 /* misc */,
				FAD0AFB52A0B1E9D00657145 /* Info.plist */,
				FADD087B296B5E79001C7BD3 /* Preview Content */,
			);
			path = "Yosh It";
			sourceTree = "<group>";
		};
		FADD087B296B5E79001C7BD3 /* Preview Content */ = {
			isa = PBXGroup;
			children = (
				FADD087C296B5E79001C7BD3 /* Preview Assets.xcassets */,
			);
			path = "Preview Content";
			sourceTree = "<group>";
		};
		FAF390A82A0AC486006E9C96 /* Views */ = {
			isa = PBXGroup;
			children = (
				FADD0883296B611B001C7BD3 /* ResistanceView.swift */,
				FADD0885296B61BB001C7BD3 /* TopBarView.swift */,
				FAF390AE2A0AC776006E9C96 /* SignUpView.swift */,
				FA1C3FB52A0DA8B200014CA2 /* LoginView.swift */,
			);
			path = Views;
			sourceTree = "<group>";
		};
		FAF390A92A0AC602006E9C96 /* ViewModels */ = {
			isa = PBXGroup;
			children = (
				FAF390AA2A0AC62F006E9C96 /* ResistanceViewModel.swift */,
				FAF390B02A0ACA93006E9C96 /* SignUpViewModel.swift */,
				FA1C3FB72A0DA8CE00014CA2 /* LoginViewModel.swift */,
			);
			path = ViewModels;
			sourceTree = "<group>";
		};
/* End PBXGroup section */

/* Begin PBXNativeTarget section */
		FADD0871296B5E77001C7BD3 /* Yosh It */ = {
			isa = PBXNativeTarget;
			buildConfigurationList = FADD0880296B5E79001C7BD3 /* Build configuration list for PBXNativeTarget "Yosh It" */;
			buildPhases = (
				FADD086E296B5E77001C7BD3 /* Sources */,
				FADD086F296B5E77001C7BD3 /* Frameworks */,
				FADD0870296B5E77001C7BD3 /* Resources */,
			);
			buildRules = (
			);
			dependencies = (
			);
			name = "Yosh It";
			productName = "Yosh It";
			productReference = FADD0872296B5E77001C7BD3 /* Yosh It.app */;
			productType = "com.apple.product-type.application";
		};
/* End PBXNativeTarget section */

/* Begin PBXProject section */
		FADD086A296B5E77001C7BD3 /* Project object */ = {
			isa = PBXProject;
			attributes = {
				BuildIndependentTargetsInParallel = 1;
				LastSwiftUpdateCheck = 1340;
				LastUpgradeCheck = 1340;
				TargetAttributes = {
					FADD0871296B5E77001C7BD3 = {
						CreatedOnToolsVersion = 13.4.1;
					};
				};
			};
			buildConfigurationList = FADD086D296B5E77001C7BD3 /* Build configuration list for PBXProject "Yosh It" */;
			compatibilityVersion = "Xcode 13.0";
			developmentRegion = en;
			hasScannedForEncodings = 0;
			knownRegions = (
				en,
				Base,
			);
			mainGroup = FADD0869296B5E77001C7BD3;
			productRefGroup = FADD0873296B5E77001C7BD3 /* Products */;
			projectDirPath = "";
			projectRoot = "";
			targets = (
				FADD0871296B5E77001C7BD3 /* Yosh It */,
			);
		};
/* End PBXProject section */

/* Begin PBXResourcesBuildPhase section */
		FADD0870296B5E77001C7BD3 /* Resources */ = {
			isa = PBXResourcesBuildPhase;
			buildActionMask = 2147483647;
			files = (
				FADD087D296B5E79001C7BD3 /* Preview Assets.xcassets in Resources */,
				FADD087A296B5E79001C7BD3 /* Assets.xcassets in Resources */,
			);
			runOnlyForDeploymentPostprocessing = 0;
		};
/* End PBXResourcesBuildPhase section */

/* Begin PBXSourcesBuildPhase section */
		FADD086E296B5E77001C7BD3 /* Sources */ = {
			isa = PBXSourcesBuildPhase;
			buildActionMask = 2147483647;
			files = (
				FADD088A296B64D4001C7BD3 /* CustomColours.swift in Sources */,
				FAF390AF2A0AC776006E9C96 /* SignUpView.swift in Sources */,
				FADD0884296B611B001C7BD3 /* ResistanceView.swift in Sources */,
				FA1C3FB62A0DA8B200014CA2 /* LoginView.swift in Sources */,
				FADD0886296B61BB001C7BD3 /* TopBarView.swift in Sources */,
				FADD0876296B5E77001C7BD3 /* Yosh_ItApp.swift in Sources */,
				FAF390AB2A0AC62F006E9C96 /* ResistanceViewModel.swift in Sources */,
				FAF390B12A0ACA93006E9C96 /* SignUpViewModel.swift in Sources */,
				FA1C3FB82A0DA8CE00014CA2 /* LoginViewModel.swift in Sources */,
				FA1C3FB42A0D961C00014CA2 /* Constants.swift in Sources */,
			);
			runOnlyForDeploymentPostprocessing = 0;
		};
/* End PBXSourcesBuildPhase section */

/* Begin XCBuildConfiguration section */
		FADD087E296B5E79001C7BD3 /* Debug */ = {
			isa = XCBuildConfiguration;
			buildSettings = {
				ALWAYS_SEARCH_USER_PATHS = NO;
				CLANG_ANALYZER_NONNULL = YES;
				CLANG_ANALYZER_NUMBER_OBJECT_CONVERSION = YES_AGGRESSIVE;
				CLANG_CXX_LANGUAGE_STANDARD = "gnu++17";
				CLANG_ENABLE_MODULES = YES;
				CLANG_ENABLE_OBJC_ARC = YES;
				CLANG_ENABLE_OBJC_WEAK = YES;
				CLANG_WARN_BLOCK_CAPTURE_AUTORELEASING = YES;
				CLANG_WARN_BOOL_CONVERSION = YES;
				CLANG_WARN_COMMA = YES;
				CLANG_WARN_CONSTANT_CONVERSION = YES;
				CLANG_WARN_DEPRECATED_OBJC_IMPLEMENTATIONS = YES;
				CLANG_WARN_DIRECT_OBJC_ISA_USAGE = YES_ERROR;
				CLANG_WARN_DOCUMENTATION_COMMENTS = YES;
				CLANG_WARN_EMPTY_BODY = YES;
				CLANG_WARN_ENUM_CONVERSION = YES;
				CLANG_WARN_INFINITE_RECURSION = YES;
				CLANG_WARN_INT_CONVERSION = YES;
				CLANG_WARN_NON_LITERAL_NULL_CONVERSION = YES;
				CLANG_WARN_OBJC_IMPLICIT_RETAIN_SELF = YES;
				CLANG_WARN_OBJC_LITERAL_CONVERSION = YES;
				CLANG_WARN_OBJC_ROOT_CLASS = YES_ERROR;
				CLANG_WARN_QUOTED_INCLUDE_IN_FRAMEWORK_HEADER = YES;
				CLANG_WARN_RANGE_LOOP_ANALYSIS = YES;
				CLANG_WARN_STRICT_PROTOTYPES = YES;
				CLANG_WARN_SUSPICIOUS_MOVE = YES;
				CLANG_WARN_UNGUARDED_AVAILABILITY = YES_AGGRESSIVE;
				CLANG_WARN_UNREACHABLE_CODE = YES;
				CLANG_WARN__DUPLICATE_METHOD_MATCH = YES;
				COPY_PHASE_STRIP = NO;
				DEBUG_INFORMATION_FORMAT = dwarf;
				ENABLE_STRICT_OBJC_MSGSEND = YES;
				ENABLE_TESTABILITY = YES;
				GCC_C_LANGUAGE_STANDARD = gnu11;
				GCC_DYNAMIC_NO_PIC = NO;
				GCC_NO_COMMON_BLOCKS = YES;
				GCC_OPTIMIZATION_LEVEL = 0;
				GCC_PREPROCESSOR_DEFINITIONS = (
					"DEBUG=1",
					"$(inherited)",
				);
				GCC_WARN_64_TO_32_BIT_CONVERSION = YES;
				GCC_WARN_ABOUT_RETURN_TYPE = YES_ERROR;
				GCC_WARN_UNDECLARED_SELECTOR = YES;
				GCC_WARN_UNINITIALIZED_AUTOS = YES_AGGRESSIVE;
				GCC_WARN_UNUSED_FUNCTION = YES;
				GCC_WARN_UNUSED_VARIABLE = YES;
				IPHONEOS_DEPLOYMENT_TARGET = 15.5;
				MTL_ENABLE_DEBUG_INFO = INCLUDE_SOURCE;
				MTL_FAST_MATH = YES;
				ONLY_ACTIVE_ARCH = YES;
				SDKROOT = iphoneos;
				SWIFT_ACTIVE_COMPILATION_CONDITIONS = DEBUG;
				SWIFT_OPTIMIZATION_LEVEL = "-Onone";
			};
			name = Debug;
		};
		FADD087F296B5E79001C7BD3 /* Release */ = {
			isa = XCBuildConfiguration;
			buildSettings = {
				ALWAYS_SEARCH_USER_PATHS = NO;
				CLANG_ANALYZER_NONNULL = YES;
				CLANG_ANALYZER_NUMBER_OBJECT_CONVERSION = YES_AGGRESSIVE;
				CLANG_CXX_LANGUAGE_STANDARD = "gnu++17";
				CLANG_ENABLE_MODULES = YES;
				CLANG_ENABLE_OBJC_ARC = YES;
				CLANG_ENABLE_OBJC_WEAK = YES;
				CLANG_WARN_BLOCK_CAPTURE_AUTORELEASING = YES;
				CLANG_WARN_BOOL_CONVERSION = YES;
				CLANG_WARN_COMMA = YES;
				CLANG_WARN_CONSTANT_CONVERSION = YES;
				CLANG_WARN_DEPRECATED_OBJC_IMPLEMENTATIONS = YES;
				CLANG_WARN_DIRECT_OBJC_ISA_USAGE = YES_ERROR;
				CLANG_WARN_DOCUMENTATION_COMMENTS = YES;
				CLANG_WARN_EMPTY_BODY = YES;
				CLANG_WARN_ENUM_CONVERSION = YES;
				CLANG_WARN_INFINITE_RECURSION = YES;
				CLANG_WARN_INT_CONVERSION = YES;
				CLANG_WARN_NON_LITERAL_NULL_CONVERSION = YES;
				CLANG_WARN_OBJC_IMPLICIT_RETAIN_SELF = YES;
				CLANG_WARN_OBJC_LITERAL_CONVERSION = YES;
				CLANG_WARN_OBJC_ROOT_CLASS = YES_ERROR;
				CLANG_WARN_QUOTED_INCLUDE_IN_FRAMEWORK_HEADER = YES;
				CLANG_WARN_RANGE_LOOP_ANALYSIS = YES;
				CLANG_WARN_STRICT_PROTOTYPES = YES;
				CLANG_WARN_SUSPICIOUS_MOVE = YES;
				CLANG_WARN_UNGUARDED_AVAILABILITY = YES_AGGRESSIVE;
				CLANG_WARN_UNREACHABLE_CODE = YES;
				CLANG_WARN__DUPLICATE_METHOD_MATCH = YES;
				COPY_PHASE_STRIP = NO;
				DEBUG_INFORMATION_FORMAT = "dwarf-with-dsym";
				ENABLE_NS_ASSERTIONS = NO;
				ENABLE_STRICT_OBJC_MSGSEND = YES;
				GCC_C_LANGUAGE_STANDARD = gnu11;
				GCC_NO_COMMON_BLOCKS = YES;
				GCC_WARN_64_TO_32_BIT_CONVERSION = YES;
				GCC_WARN_ABOUT_RETURN_TYPE = YES_ERROR;
				GCC_WARN_UNDECLARED_SELECTOR = YES;
				GCC_WARN_UNINITIALIZED_AUTOS = YES_AGGRESSIVE;
				GCC_WARN_UNUSED_FUNCTION = YES;
				GCC_WARN_UNUSED_VARIABLE = YES;
				IPHONEOS_DEPLOYMENT_TARGET = 15.5;
				MTL_ENABLE_DEBUG_INFO = NO;
				MTL_FAST_MATH = YES;
				SDKROOT = iphoneos;
				SWIFT_COMPILATION_MODE = wholemodule;
				SWIFT_OPTIMIZATION_LEVEL = "-O";
				VALIDATE_PRODUCT = YES;
			};
			name = Release;
		};
		FADD0881296B5E79001C7BD3 /* Debug */ = {
			isa = XCBuildConfiguration;
			buildSettings = {
				ASSETCATALOG_COMPILER_APPICON_NAME = AppIcon;
				ASSETCATALOG_COMPILER_GLOBAL_ACCENT_COLOR_NAME = AccentColor;
				CODE_SIGN_STYLE = Automatic;
				CURRENT_PROJECT_VERSION = 1;
				DEVELOPMENT_ASSET_PATHS = "\"Yosh It/Preview Content\"";
				DEVELOPMENT_TEAM = YV26NS784Z;
				ENABLE_PREVIEWS = YES;
				GENERATE_INFOPLIST_FILE = YES;
				INFOPLIST_FILE = "Yosh It/Info.plist";
				INFOPLIST_KEY_UIApplicationSceneManifest_Generation = YES;
				INFOPLIST_KEY_UIApplicationSupportsIndirectInputEvents = YES;
				INFOPLIST_KEY_UILaunchScreen_Generation = YES;
				INFOPLIST_KEY_UISupportedInterfaceOrientations = UIInterfaceOrientationPortrait;
				INFOPLIST_KEY_UISupportedInterfaceOrientations_iPad = "UIInterfaceOrientationPortrait UIInterfaceOrientationPortraitUpsideDown UIInterfaceOrientationLandscapeLeft UIInterfaceOrientationLandscapeRight";
				INFOPLIST_KEY_UISupportedInterfaceOrientations_iPhone = "UIInterfaceOrientationPortrait UIInterfaceOrientationLandscapeLeft UIInterfaceOrientationLandscapeRight";
				LD_RUNPATH_SEARCH_PATHS = (
					"$(inherited)",
					"@executable_path/Frameworks",
				);
				MARKETING_VERSION = 1.0;
				PRODUCT_BUNDLE_IDENTIFIER = "Yosh.Yosh-It";
				PRODUCT_NAME = "$(TARGET_NAME)";
				SWIFT_EMIT_LOC_STRINGS = YES;
				SWIFT_VERSION = 5.0;
				TARGETED_DEVICE_FAMILY = "1,2";
			};
			name = Debug;
		};
		FADD0882296B5E79001C7BD3 /* Release */ = {
			isa = XCBuildConfiguration;
			buildSettings = {
				ASSETCATALOG_COMPILER_APPICON_NAME = AppIcon;
				ASSETCATALOG_COMPILER_GLOBAL_ACCENT_COLOR_NAME = AccentColor;
				CODE_SIGN_STYLE = Automatic;
				CURRENT_PROJECT_VERSION = 1;
				DEVELOPMENT_ASSET_PATHS = "\"Yosh It/Preview Content\"";
				DEVELOPMENT_TEAM = YV26NS784Z;
				ENABLE_PREVIEWS = YES;
				GENERATE_INFOPLIST_FILE = YES;
				INFOPLIST_FILE = "Yosh It/Info.plist";
				INFOPLIST_KEY_UIApplicationSceneManifest_Generation = YES;
				INFOPLIST_KEY_UIApplicationSupportsIndirectInputEvents = YES;
				INFOPLIST_KEY_UILaunchScreen_Generation = YES;
				INFOPLIST_KEY_UISupportedInterfaceOrientations = UIInterfaceOrientationPortrait;
				INFOPLIST_KEY_UISupportedInterfaceOrientations_iPad = "UIInterfaceOrientationPortrait UIInterfaceOrientationPortraitUpsideDown UIInterfaceOrientationLandscapeLeft UIInterfaceOrientationLandscapeRight";
				INFOPLIST_KEY_UISupportedInterfaceOrientations_iPhone = "UIInterfaceOrientationPortrait UIInterfaceOrientationLandscapeLeft UIInterfaceOrientationLandscapeRight";
				LD_RUNPATH_SEARCH_PATHS = (
					"$(inherited)",
					"@executable_path/Frameworks",
				);
				MARKETING_VERSION = 1.0;
				PRODUCT_BUNDLE_IDENTIFIER = "Yosh.Yosh-It";
				PRODUCT_NAME = "$(TARGET_NAME)";
				SWIFT_EMIT_LOC_STRINGS = YES;
				SWIFT_VERSION = 5.0;
				TARGETED_DEVICE_FAMILY = "1,2";
			};
			name = Release;
		};
/* End XCBuildConfiguration section */

/* Begin XCConfigurationList section */
		FADD086D296B5E77001C7BD3 /* Build configuration list for PBXProject "Yosh It" */ = {
			isa = XCConfigurationList;
			buildConfigurations = (
				FADD087E296B5E79001C7BD3 /* Debug */,
				FADD087F296B5E79001C7BD3 /* Release */,
			);
			defaultConfigurationIsVisible = 0;
			defaultConfigurationName = Release;
		};
		FADD0880296B5E79001C7BD3 /* Build configuration list for PBXNativeTarget "Yosh It" */ = {
			isa = XCConfigurationList;
			buildConfigurations = (
				FADD0881296B5E79001C7BD3 /* Debug */,
				FADD0882296B5E79001C7BD3 /* Release */,
			);
			defaultConfigurationIsVisible = 0;
			defaultConfigurationName = Release;
		};
/* End XCConfigurationList section */
	};
	rootObject = FADD086A296B5E77001C7BD3 /* Project object */;
}
